
Microsoft Visual Studio Solution File, Format Version 12.00
# Visual Studio Version 16
VisualStudioVersion = 16.0.31624.102
MinimumVisualStudioVersion = 10.0.40219.1
Project("{FAE04EC0-301F-11D3-BF4B-00C04F79EFBC}") = "DB4OStudent", "DB4OStudent\DB4OStudent.csproj", "{22C126AD-6A08-4365-924C-9BE4E78AF08E}"
EndProject
Global
	GlobalSection(SolutionConfigurationPlatforms) = preSolution
		Debug|Any CPU = Debug|Any CPU
		Release|Any CPU = Release|Any CPU
	EndGlobalSection
	GlobalSection(ProjectConfigurationPlatforms) = postSolution
		{22C126AD-6A08-4365-924C-9BE4E78AF08E}.Debug|Any CPU.ActiveCfg = Debug|Any CPU
		{22C126AD-6A08-4365-924C-9BE4E78AF08E}.Debug|Any CPU.Build.0 = Debug|Any CPU
		{22C126AD-6A08-4365-924C-9BE4E78AF08E}.Release|Any CPU.ActiveCfg = Release|Any CPU
		{22C126AD-6A08-4365-924C-9BE4E78AF08E}.Release|Any CPU.Build.0 = Release|Any CPU
	EndGlobalSection
	GlobalSection(SolutionProperties) = preSolution
		HideSolutionNode = FALSE
	EndGlobalSection
	GlobalSection(ExtensibilityGlobals) = postSolution
		SolutionGuid = {A1B86F8B-BE1D-4F93-8354-A3036152D0AB}
	EndGlobalSection
EndGlobal
